
Microsoft Visual Studio Solution File, Format Version 12.00
# Visual Studio Version 16
VisualStudioVersion = 16.0.31729.503
MinimumVisualStudioVersion = 10.0.40219.1
Project("{FAE04EC0-301F-11D3-BF4B-00C04F79EFBC}") = "NetworkAkademi-N059-OPPnedir", "NetworkAkademi-N059-OPPnedir.\NetworkAkademi-N059-OPPnedir.csproj", "{3F60EC08-A5A8-4E4E-A68C-0FEB1EA49F2A}"
EndProject
Global
	GlobalSection(SolutionConfigurationPlatforms) = preSolution
		Debug|Any CPU = Debug|Any CPU
		Release|Any CPU = Release|Any CPU
	EndGlobalSection
	GlobalSection(ProjectConfigurationPlatforms) = postSolution
		{3F60EC08-A5A8-4E4E-A68C-0FEB1EA49F2A}.Debug|Any CPU.ActiveCfg = Debug|Any CPU
		{3F60EC08-A5A8-4E4E-A68C-0FEB1EA49F2A}.Debug|Any CPU.Build.0 = Debug|Any CPU
		{3F60EC08-A5A8-4E4E-A68C-0FEB1EA49F2A}.Release|Any CPU.ActiveCfg = Release|Any CPU
		{3F60EC08-A5A8-4E4E-A68C-0FEB1EA49F2A}.Release|Any CPU.Build.0 = Release|Any CPU
	EndGlobalSection
	GlobalSection(SolutionProperties) = preSolution
		HideSolutionNode = FALSE
	EndGlobalSection
	GlobalSection(ExtensibilityGlobals) = postSolution
		SolutionGuid = {D359EE41-179B-4B84-AAC7-83E943B9906A}
	EndGlobalSection
EndGlobal
